
Microsoft Visual Studio Solution File, Format Version 12.00
# Visual Studio Version 17
VisualStudioVersion = 17.10.35013.160
MinimumVisualStudioVersion = 10.0.40219.1
Project("{FAE04EC0-301F-11D3-BF4B-00C04F79EFBC}") = "respNewsV8", "respNewsV8\respNewsV8.csproj", "{6B875E52-FAE5-46CC-9F84-611D71E12C68}"
EndProject
Global
	GlobalSection(SolutionConfigurationPlatforms) = preSolution
		Debug|Any CPU = Debug|Any CPU
		Release|Any CPU = Release|Any CPU
	EndGlobalSection
	GlobalSection(ProjectConfigurationPlatforms) = postSolution
		{6B875E52-FAE5-46CC-9F84-611D71E12C68}.Debug|Any CPU.ActiveCfg = Debug|Any CPU
		{6B875E52-FAE5-46CC-9F84-611D71E12C68}.Debug|Any CPU.Build.0 = Debug|Any CPU
		{6B875E52-FAE5-46CC-9F84-611D71E12C68}.Release|Any CPU.ActiveCfg = Release|Any CPU
		{6B875E52-FAE5-46CC-9F84-611D71E12C68}.Release|Any CPU.Build.0 = Release|Any CPU
	EndGlobalSection
	GlobalSection(SolutionProperties) = preSolution
		HideSolutionNode = FALSE
	EndGlobalSection
	GlobalSection(ExtensibilityGlobals) = postSolution
		SolutionGuid = {56844FC9-5794-40CE-8ECC-FEFAD2FC3E2F}
	EndGlobalSection
EndGlobal
